
Microsoft Visual Studio Solution File, Format Version 12.00
# Visual Studio Version 16
VisualStudioVersion = 16.0.30907.101
MinimumVisualStudioVersion = 10.0.40219.1
Project("{FAE04EC0-301F-11D3-BF4B-00C04F79EFBC}") = "Homework_WinForms_Phone", "Homework_WinForms_Phone\Homework_WinForms_Phone.csproj", "{50753B27-AC44-4DE9-A400-DD9182D904D9}"
EndProject
Global
	GlobalSection(SolutionConfigurationPlatforms) = preSolution
		Debug|Any CPU = Debug|Any CPU
		Release|Any CPU = Release|Any CPU
	EndGlobalSection
	GlobalSection(ProjectConfigurationPlatforms) = postSolution
		{50753B27-AC44-4DE9-A400-DD9182D904D9}.Debug|Any CPU.ActiveCfg = Debug|Any CPU
		{50753B27-AC44-4DE9-A400-DD9182D904D9}.Debug|Any CPU.Build.0 = Debug|Any CPU
		{50753B27-AC44-4DE9-A400-DD9182D904D9}.Release|Any CPU.ActiveCfg = Release|Any CPU
		{50753B27-AC44-4DE9-A400-DD9182D904D9}.Release|Any CPU.Build.0 = Release|Any CPU
	EndGlobalSection
	GlobalSection(SolutionProperties) = preSolution
		HideSolutionNode = FALSE
	EndGlobalSection
	GlobalSection(ExtensibilityGlobals) = postSolution
		SolutionGuid = {F661E50A-58DB-4738-8FFB-7865BC382786}
	EndGlobalSection
EndGlobal
