
Microsoft Visual Studio Solution File, Format Version 12.00
# Visual Studio Version 16
VisualStudioVersion = 16.0.30907.101
MinimumVisualStudioVersion = 10.0.40219.1
Project("{FAE04EC0-301F-11D3-BF4B-00C04F79EFBC}") = "Anketa", "Anketa\Anketa.csproj", "{8F95EE1A-437E-4135-996F-D9BD31E386A9}"
EndProject
Global
	GlobalSection(SolutionConfigurationPlatforms) = preSolution
		Debug|Any CPU = Debug|Any CPU
		Release|Any CPU = Release|Any CPU
	EndGlobalSection
	GlobalSection(ProjectConfigurationPlatforms) = postSolution
		{8F95EE1A-437E-4135-996F-D9BD31E386A9}.Debug|Any CPU.ActiveCfg = Debug|Any CPU
		{8F95EE1A-437E-4135-996F-D9BD31E386A9}.Debug|Any CPU.Build.0 = Debug|Any CPU
		{8F95EE1A-437E-4135-996F-D9BD31E386A9}.Release|Any CPU.ActiveCfg = Release|Any CPU
		{8F95EE1A-437E-4135-996F-D9BD31E386A9}.Release|Any CPU.Build.0 = Release|Any CPU
	EndGlobalSection
	GlobalSection(SolutionProperties) = preSolution
		HideSolutionNode = FALSE
	EndGlobalSection
	GlobalSection(ExtensibilityGlobals) = postSolution
		SolutionGuid = {3CBCC2B9-E76F-43D4-8CE7-FD0CFC79FF81}
	EndGlobalSection
EndGlobal
