
Microsoft Visual Studio Solution File, Format Version 12.00
# Visual Studio Version 16
VisualStudioVersion = 16.0.31624.102
MinimumVisualStudioVersion = 10.0.40219.1
Project("{FAE04EC0-301F-11D3-BF4B-00C04F79EFBC}") = "Spam", "Spam\Spam.csproj", "{7DBF4937-351E-4809-825E-F20349A703DB}"
EndProject
Global
	GlobalSection(SolutionConfigurationPlatforms) = preSolution
		Debug|Any CPU = Debug|Any CPU
		Release|Any CPU = Release|Any CPU
	EndGlobalSection
	GlobalSection(ProjectConfigurationPlatforms) = postSolution
		{7DBF4937-351E-4809-825E-F20349A703DB}.Debug|Any CPU.ActiveCfg = Debug|Any CPU
		{7DBF4937-351E-4809-825E-F20349A703DB}.Debug|Any CPU.Build.0 = Debug|Any CPU
		{7DBF4937-351E-4809-825E-F20349A703DB}.Release|Any CPU.ActiveCfg = Release|Any CPU
		{7DBF4937-351E-4809-825E-F20349A703DB}.Release|Any CPU.Build.0 = Release|Any CPU
	EndGlobalSection
	GlobalSection(SolutionProperties) = preSolution
		HideSolutionNode = FALSE
	EndGlobalSection
	GlobalSection(ExtensibilityGlobals) = postSolution
		SolutionGuid = {3324C109-BC66-4B71-B752-1B3E487C1D75}
	EndGlobalSection
EndGlobal
