
Microsoft Visual Studio Solution File, Format Version 12.00
# Visual Studio Version 16
VisualStudioVersion = 16.0.30907.101
MinimumVisualStudioVersion = 10.0.40219.1
Project("{FAE04EC0-301F-11D3-BF4B-00C04F79EFBC}") = "WPF_ColorButton", "WPF_ColorButton\WPF_ColorButton.csproj", "{B9A0BD55-998F-40F3-9964-B8EEFF4654E3}"
EndProject
Global
	GlobalSection(SolutionConfigurationPlatforms) = preSolution
		Debug|Any CPU = Debug|Any CPU
		Release|Any CPU = Release|Any CPU
	EndGlobalSection
	GlobalSection(ProjectConfigurationPlatforms) = postSolution
		{B9A0BD55-998F-40F3-9964-B8EEFF4654E3}.Debug|Any CPU.ActiveCfg = Debug|Any CPU
		{B9A0BD55-998F-40F3-9964-B8EEFF4654E3}.Debug|Any CPU.Build.0 = Debug|Any CPU
		{B9A0BD55-998F-40F3-9964-B8EEFF4654E3}.Release|Any CPU.ActiveCfg = Release|Any CPU
		{B9A0BD55-998F-40F3-9964-B8EEFF4654E3}.Release|Any CPU.Build.0 = Release|Any CPU
	EndGlobalSection
	GlobalSection(SolutionProperties) = preSolution
		HideSolutionNode = FALSE
	EndGlobalSection
	GlobalSection(ExtensibilityGlobals) = postSolution
		SolutionGuid = {76D88C1C-6A1D-4224-BBF6-786D805665DB}
	EndGlobalSection
EndGlobal
