
Microsoft Visual Studio Solution File, Format Version 12.00
# Visual Studio Version 16
VisualStudioVersion = 16.0.30907.101
MinimumVisualStudioVersion = 10.0.40219.1
Project("{FAE04EC0-301F-11D3-BF4B-00C04F79EFBC}") = "WPF_Calculator", "WPF_Calculator\WPF_Calculator.csproj", "{3D23E5B4-EB3B-4B5E-971D-B650943169FD}"
EndProject
Global
	GlobalSection(SolutionConfigurationPlatforms) = preSolution
		Debug|Any CPU = Debug|Any CPU
		Release|Any CPU = Release|Any CPU
	EndGlobalSection
	GlobalSection(ProjectConfigurationPlatforms) = postSolution
		{3D23E5B4-EB3B-4B5E-971D-B650943169FD}.Debug|Any CPU.ActiveCfg = Debug|Any CPU
		{3D23E5B4-EB3B-4B5E-971D-B650943169FD}.Debug|Any CPU.Build.0 = Debug|Any CPU
		{3D23E5B4-EB3B-4B5E-971D-B650943169FD}.Release|Any CPU.ActiveCfg = Release|Any CPU
		{3D23E5B4-EB3B-4B5E-971D-B650943169FD}.Release|Any CPU.Build.0 = Release|Any CPU
	EndGlobalSection
	GlobalSection(SolutionProperties) = preSolution
		HideSolutionNode = FALSE
	EndGlobalSection
	GlobalSection(ExtensibilityGlobals) = postSolution
		SolutionGuid = {96C4124B-889D-44B0-A016-0C3E78D334F7}
	EndGlobalSection
EndGlobal
