
Microsoft Visual Studio Solution File, Format Version 12.00
# Visual Studio Version 16
VisualStudioVersion = 16.0.30907.101
MinimumVisualStudioVersion = 10.0.40219.1
Project("{FAE04EC0-301F-11D3-BF4B-00C04F79EFBC}") = "ProgressBar", "ProgressBar\ProgressBar.csproj", "{2EFB0559-9C8E-4BAD-905C-1095A5A16047}"
EndProject
Global
	GlobalSection(SolutionConfigurationPlatforms) = preSolution
		Debug|Any CPU = Debug|Any CPU
		Release|Any CPU = Release|Any CPU
	EndGlobalSection
	GlobalSection(ProjectConfigurationPlatforms) = postSolution
		{2EFB0559-9C8E-4BAD-905C-1095A5A16047}.Debug|Any CPU.ActiveCfg = Debug|Any CPU
		{2EFB0559-9C8E-4BAD-905C-1095A5A16047}.Debug|Any CPU.Build.0 = Debug|Any CPU
		{2EFB0559-9C8E-4BAD-905C-1095A5A16047}.Release|Any CPU.ActiveCfg = Release|Any CPU
		{2EFB0559-9C8E-4BAD-905C-1095A5A16047}.Release|Any CPU.Build.0 = Release|Any CPU
	EndGlobalSection
	GlobalSection(SolutionProperties) = preSolution
		HideSolutionNode = FALSE
	EndGlobalSection
	GlobalSection(ExtensibilityGlobals) = postSolution
		SolutionGuid = {54DE73C9-4F39-40DD-95FD-B443BEE69659}
	EndGlobalSection
EndGlobal
